
Microsoft Visual Studio Solution File, Format Version 12.00
# Visual Studio Version 16
VisualStudioVersion = 16.0.31624.102
MinimumVisualStudioVersion = 10.0.40219.1
Project("{FAE04EC0-301F-11D3-BF4B-00C04F79EFBC}") = "WorldSkillsKart", "WorldSkillsKart\WorldSkillsKart.csproj", "{5EA521A8-257B-4EE3-B1A0-603D462693B3}"
EndProject
Global
	GlobalSection(SolutionConfigurationPlatforms) = preSolution
		Debug|Any CPU = Debug|Any CPU
		Release|Any CPU = Release|Any CPU
	EndGlobalSection
	GlobalSection(ProjectConfigurationPlatforms) = postSolution
		{5EA521A8-257B-4EE3-B1A0-603D462693B3}.Debug|Any CPU.ActiveCfg = Debug|Any CPU
		{5EA521A8-257B-4EE3-B1A0-603D462693B3}.Debug|Any CPU.Build.0 = Debug|Any CPU
		{5EA521A8-257B-4EE3-B1A0-603D462693B3}.Release|Any CPU.ActiveCfg = Release|Any CPU
		{5EA521A8-257B-4EE3-B1A0-603D462693B3}.Release|Any CPU.Build.0 = Release|Any CPU
	EndGlobalSection
	GlobalSection(SolutionProperties) = preSolution
		HideSolutionNode = FALSE
	EndGlobalSection
	GlobalSection(ExtensibilityGlobals) = postSolution
		SolutionGuid = {2783EEC2-09C0-41B3-8D5D-50FE2DEB2E2F}
	EndGlobalSection
EndGlobal
